// !$*UTF8*$!
{
	archiveVersion = 1;
	classes = {
	};
	objectVersion = 46;
	objects = {

/* Begin PBXBuildFile section */
		C78082281B58952300F90E74 /* AppDelegate.swift in Sources */ = {isa = PBXBuildFile; fileRef = C78082271B58952300F90E74 /* AppDelegate.swift */; };
		C780822A1B58952300F90E74 /* ViewController.swift in Sources */ = {isa = PBXBuildFile; fileRef = C78082291B58952300F90E74 /* ViewController.swift */; };
		C780822D1B58952300F90E74 /* Main.storyboard in Resources */ = {isa = PBXBuildFile; fileRef = C780822B1B58952300F90E74 /* Main.storyboard */; };
		C780822F1B58952300F90E74 /* Assets.xcassets in Resources */ = {isa = PBXBuildFile; fileRef = C780822E1B58952300F90E74 /* Assets.xcassets */; };
		C78082321B58952300F90E74 /* LaunchScreen.storyboard in Resources */ = {isa = PBXBuildFile; fileRef = C78082301B58952300F90E74 /* LaunchScreen.storyboard */; };
/* End PBXBuildFile section */

/* Begin PBXFileReference section */
		C78082241B58952300F90E74 /* ZoomingTest.app */ = {isa = PBXFileReference; explicitFileType = wrapper.application; includeInIndex = 0; path = ZoomingTest.app; sourceTree = BUILT_PRODUCTS_DIR; };
		C78082271B58952300F90E74 /* AppDelegate.swift */ = {isa = PBXFileReference; lastKnownFileType = sourcecode.swift; path = AppDelegate.swift; sourceTree = "<group>"; };
		C78082291B58952300F90E74 /* ViewController.swift */ = {isa = PBXFileReference; lastKnownFileType = sourcecode.swift; path = ViewController.swift; sourceTree = "<group>"; };
		C780822C1B58952300F90E74 /* Base */ = {isa = PBXFileReference; lastKnownFileType = file.storyboard; name = Base; path = Base.lproj/Main.storyboard; sourceTree = "<group>"; };
		C780822E1B58952300F90E74 /* Assets.xcassets */ = {isa = PBXFileReference; lastKnownFileType = folder.assetcatalog; path = Assets.xcassets; sourceTree = "<group>"; };
		C78082311B58952300F90E74 /* Base */ = {isa = PBXFileReference; lastKnownFileType = file.storyboard; name = Base; path = Base.lproj/LaunchScreen.storyboard; sourceTree = "<group>"; };
		C78082331B58952300F90E74 /* Info.plist */ = {isa = PBXFileReference; lastKnownFileType = text.plist.xml; path = Info.plist; sourceTree = "<group>"; };
/* End PBXFileReference section */

/* Begin PBXFrameworksBuildPhase section */
		C78082211B58952300F90E74 /* Frameworks */ = {
			isa = PBXFrameworksBuildPhase;
			buildActionMask = 2147483647;
			files = (
			);
			runOnlyForDeploymentPostprocessing = 0;
		};
/* End PBXFrameworksBuildPhase section */

/* Begin PBXGroup section */
		C780821B1B58952300F90E74 = {
			isa = PBXGroup;
			children = (
				C78082261B58952300F90E74 /* ZoomingTest */,
				C78082251B58952300F90E74 /* Products */,
			);
			sourceTree = "<group>";
		};
		C78082251B58952300F90E74 /* Products */ = {
			isa = PBXGroup;
			children = (
				C78082241B58952300F90E74 /* ZoomingTest.app */,
			);
			name = Products;
			sourceTree = "<group>";
		};
		C78082261B58952300F90E74 /* ZoomingTest */ = {
			isa = PBXGroup;
			children = (
				C78082271B58952300F90E74 /* AppDelegate.swift */,
				C78082291B58952300F90E74 /* ViewController.swift */,
				C780822B1B58952300F90E74 /* Main.storyboard */,
				C780822E1B58952300F90E74 /* Assets.xcassets */,
				C78082301B58952300F90E74 /* LaunchScreen.storyboard */,
				C78082331B58952300F90E74 /* Info.plist */,
			);
			path = ZoomingTest;
			sourceTree = "<group>";
		};
/* End PBXGroup section */

/* Begin PBXNativeTarget section */
		C78082231B58952300F90E74 /* ZoomingTest */ = {
			isa = PBXNativeTarget;
			buildConfigurationList = C78082361B58952300F90E74 /* Build configuration list for PBXNativeTarget "ZoomingTest" */;
			buildPhases = (
				C78082201B58952300F90E74 /* Sources */,
				C78082211B58952300F90E74 /* Frameworks */,
				C78082221B58952300F90E74 /* Resources */,
			);
			buildRules = (
			);
			dependencies = (
			);
			name = ZoomingTest;
			productName = ZoomingTest;
			productReference = C78082241B58952300F90E74 /* ZoomingTest.app */;
			productType = "com.apple.product-type.application";
		};
/* End PBXNativeTarget section */

/* Begin PBXProject section */
		C780821C1B58952300F90E74 /* Project object */ = {
			isa = PBXProject;
			attributes = {
				LastUpgradeCheck = 0700;
				ORGANIZATIONNAME = "Kyohei Ito";
				TargetAttributes = {
					C78082231B58952300F90E74 = {
						CreatedOnToolsVersion = 7.0;
					};
				};
			};
			buildConfigurationList = C780821F1B58952300F90E74 /* Build configuration list for PBXProject "ZoomingTest" */;
			compatibilityVersion = "Xcode 3.2";
			developmentRegion = English;
			hasScannedForEncodings = 0;
			knownRegions = (
				en,
				Base,
			);
			mainGroup = C780821B1B58952300F90E74;
			productRefGroup = C78082251B58952300F90E74 /* Products */;
			projectDirPath = "";
			projectRoot = "";
			targets = (
				C78082231B58952300F90E74 /* ZoomingTest */,
			);
		};
/* End PBXProject section */

/* Begin PBXResourcesBuildPhase section */
		C78082221B58952300F90E74 /* Resources */ = {
			isa = PBXResourcesBuildPhase;
			buildActionMask = 2147483647;
			files = (
				C78082321B58952300F90E74 /* LaunchScreen.storyboard in Resources */,
				C780822F1B58952300F90E74 /* Assets.xcassets in Resources */,
				C780822D1B58952300F90E74 /* Main.storyboard in Resources */,
			);
			runOnlyForDeploymentPostprocessing = 0;
		};
/* End PBXResourcesBuildPhase section */

/* Begin PBXSourcesBuildPhase section */
		C78082201B58952300F90E74 /* Sources */ = {
			isa = PBXSourcesBuildPhase;
			buildActionMask = 2147483647;
			files = (
				C780822A1B58952300F90E74 /* ViewController.swift in Sources */,
				C78082281B58952300F90E74 /* AppDelegate.swift in Sources */,
			);
			runOnlyForDeploymentPostprocessing = 0;
		};
/* End PBXSourcesBuildPhase section */

/* Begin PBXVariantGroup section */
		C780822B1B58952300F90E74 /* Main.storyboard */ = {
			isa = PBXVariantGroup;
			children = (
				C780822C1B58952300F90E74 /* Base */,
			);
			name = Main.storyboard;
			sourceTree = "<group>";
		};
		C78082301B58952300F90E74 /* LaunchScreen.storyboard */ = {
			isa = PBXVariantGroup;
			children = (
				C78082311B58952300F90E74 /* Base */,
			);
			name = LaunchScreen.storyboard;
			sourceTree = "<group>";
		};
/* End PBXVariantGroup section */

/* Begin XCBuildConfiguration section */
		C78082341B58952300F90E74 /* Debug */ = {
			isa = XCBuildConfiguration;
			buildSettings = {
				ALWAYS_SEARCH_USER_PATHS = NO;
				CLANG_CXX_LANGUAGE_STANDARD = "gnu++0x";
				CLANG_CXX_LIBRARY = "libc++";
				CLANG_ENABLE_MODULES = YES;
				CLANG_ENABLE_OBJC_ARC = YES;
				CLANG_WARN_BOOL_CONVERSION = YES;
				CLANG_WARN_CONSTANT_CONVERSION = YES;
				CLANG_WARN_DIRECT_OBJC_ISA_USAGE = YES_ERROR;
				CLANG_WARN_EMPTY_BODY = YES;
				CLANG_WARN_ENUM_CONVERSION = YES;
				CLANG_WARN_INT_CONVERSION = YES;
				CLANG_WARN_OBJC_ROOT_CLASS = YES_ERROR;
				CLANG_WARN_UNREACHABLE_CODE = YES;
				CLANG_WARN__DUPLICATE_METHOD_MATCH = YES;
				"CODE_SIGN_IDENTITY[sdk=iphoneos*]" = "iPhone Developer";
				COPY_PHASE_STRIP = NO;
				DEBUG_INFORMATION_FORMAT = dwarf;
				ENABLE_STRICT_OBJC_MSGSEND = YES;
				ENABLE_TESTABILITY = YES;
				GCC_C_LANGUAGE_STANDARD = gnu99;
				GCC_DYNAMIC_NO_PIC = NO;
				GCC_NO_COMMON_BLOCKS = YES;
				GCC_OPTIMIZATION_LEVEL = 0;
				GCC_PREPROCESSOR_DEFINITIONS = (
					"DEBUG=1",
					"$(inherited)",
				);
				GCC_WARN_64_TO_32_BIT_CONVERSION = YES;
				GCC_WARN_ABOUT_RETURN_TYPE = YES_ERROR;
				GCC_WARN_UNDECLARED_SELECTOR = YES;
				GCC_WARN_UNINITIALIZED_AUTOS = YES_AGGRESSIVE;
				GCC_WARN_UNUSED_FUNCTION = YES;
				GCC_WARN_UNUSED_VARIABLE = YES;
				IPHONEOS_DEPLOYMENT_TARGET = 8.0;
				MTL_ENABLE_DEBUG_INFO = YES;
				ONLY_ACTIVE_ARCH = YES;
				SDKROOT = iphoneos;
				SWIFT_OPTIMIZATION_LEVEL = "-Onone";
			};
			name = Debug;
		};
		C78082351B58952300F90E74 /* Release */ = {
			isa = XCBuildConfiguration;
			buildSettings = {
				ALWAYS_SEARCH_USER_PATHS = NO;
				CLANG_CXX_LANGUAGE_STANDARD = "gnu++0x";
				CLANG_CXX_LIBRARY = "libc++";
				CLANG_ENABLE_MODULES = YES;
				CLANG_ENABLE_OBJC_ARC = YES;
				CLANG_WARN_BOOL_CONVERSION = YES;
				CLANG_WARN_CONSTANT_CONVERSION = YES;
				CLANG_WARN_DIRECT_OBJC_ISA_USAGE = YES_ERROR;
				CLANG_WARN_EMPTY_BODY = YES;
				CLANG_WARN_ENUM_CONVERSION = YES;
				CLANG_WARN_INT_CONVERSION = YES;
				CLANG_WARN_OBJC_ROOT_CLASS = YES_ERROR;
				CLANG_WARN_UNREACHABLE_CODE = YES;
				CLANG_WARN__DUPLICATE_METHOD_MATCH = YES;
				"CODE_SIGN_IDENTITY[sdk=iphoneos*]" = "iPhone Developer";
				COPY_PHASE_STRIP = NO;
				DEBUG_INFORMATION_FORMAT = "dwarf-with-dsym";
				ENABLE_NS_ASSERTIONS = NO;
				ENABLE_STRICT_OBJC_MSGSEND = YES;
				GCC_C_LANGUAGE_STANDARD = gnu99;
				GCC_NO_COMMON_BLOCKS = YES;
				GCC_WARN_64_TO_32_BIT_CONVERSION = YES;
				GCC_WARN_ABOUT_RETURN_TYPE = YES_ERROR;
				GCC_WARN_UNDECLARED_SELECTOR = YES;
				GCC_WARN_UNINITIALIZED_AUTOS = YES_AGGRESSIVE;
				GCC_WARN_UNUSED_FUNCTION = YES;
				GCC_WARN_UNUSED_VARIABLE = YES;
				IPHONEOS_DEPLOYMENT_TARGET = 8.0;
				MTL_ENABLE_DEBUG_INFO = NO;
				SDKROOT = iphoneos;
				VALIDATE_PRODUCT = YES;
			};
			name = Release;
		};
		C78082371B58952300F90E74 /* Debug */ = {
			isa = XCBuildConfiguration;
			buildSettings = {
				ASSETCATALOG_COMPILER_APPICON_NAME = AppIcon;
				INFOPLIST_FILE = ZoomingTest/Info.plist;
				LD_RUNPATH_SEARCH_PATHS = "$(inherited) @executable_path/Frameworks";
				PRODUCT_BUNDLE_IDENTIFIER = com.kyoheiito.ZoomingTest;
				PRODUCT_NAME = "$(TARGET_NAME)";
			};
			name = Debug;
		};
		C78082381B58952300F90E74 /* Release */ = {
			isa = XCBuildConfiguration;
			buildSettings = {
				ASSETCATALOG_COMPILER_APPICON_NAME = AppIcon;
				INFOPLIST_FILE = ZoomingTest/Info.plist;
				LD_RUNPATH_SEARCH_PATHS = "$(inherited) @executable_path/Frameworks";
				PRODUCT_BUNDLE_IDENTIFIER = com.kyoheiito.ZoomingTest;
				PRODUCT_NAME = "$(TARGET_NAME)";
			};
			name = Release;
		};
/* End XCBuildConfiguration section */

/* Begin XCConfigurationList section */
		C780821F1B58952300F90E74 /* Build configuration list for PBXProject "ZoomingTest" */ = {
			isa = XCConfigurationList;
			buildConfigurations = (
				C78082341B58952300F90E74 /* Debug */,
				C78082351B58952300F90E74 /* Release */,
			);
			defaultConfigurationIsVisible = 0;
			defaultConfigurationName = Release;
		};
		C78082361B58952300F90E74 /* Build configuration list for PBXNativeTarget "ZoomingTest" */ = {
			isa = XCConfigurationList;
			buildConfigurations = (
				C78082371B58952300F90E74 /* Debug */,
				C78082381B58952300F90E74 /* Release */,
			);
			defaultConfigurationIsVisible = 0;
		};
/* End XCConfigurationList section */
	};
	rootObject = C780821C1B58952300F90E74 /* Project object */;
}
